Microsoft Visual Studio Solution File, Format Version 12.00
# Visual Studio Version 17
VisualStudioVersion = 17.5.2.0
MinimumVisualStudioVersion = 10.0.40219.1
Project("{2150E333-8FDC-42A3-9474-1A3956D46DE8}") = "Solution Items", "Solution Items", "{29B8E667-2ED5-4090-89FA-F4DD19C62B73}"
	ProjectSection(SolutionItems) = preProject
		Dockerfile = Dockerfile
		README.md = README.md
	EndProjectSection
EndProject
Project("{2150E333-8FDC-42A3-9474-1A3956D46DE8}") = "src", "src", "{827E0CD3-B72D-47B6-A68D-7590B98EB39B}"
EndProject
Project("{FAE04EC0-301F-11D3-BF4B-00C04F79EFBC}") = "SqlDemos", "src\SqlDemos\SqlDemos.csproj", "{BE66D3B2-01C6-8EDF-70E4-8CAF7E9B76C6}"
EndProject
Project("{FAE04EC0-301F-11D3-BF4B-00C04F79EFBC}") = "SqlDemosApi", "src\SqlDemosApi\SqlDemosApi.csproj", "{A04363B9-0005-422F-8143-4FE0EF256631}"
EndProject
Global
	GlobalSection(SolutionConfigurationPlatforms) = preSolution
		Debug|Any CPU = Debug|Any CPU
		Release|Any CPU = Release|Any CPU
	EndGlobalSection
	GlobalSection(ProjectConfigurationPlatforms) = postSolution
		{BE66D3B2-01C6-8EDF-70E4-8CAF7E9B76C6}.Debug|Any CPU.ActiveCfg = Debug|Any CPU
		{BE66D3B2-01C6-8EDF-70E4-8CAF7E9B76C6}.Debug|Any CPU.Build.0 = Debug|Any CPU
		{BE66D3B2-01C6-8EDF-70E4-8CAF7E9B76C6}.Release|Any CPU.ActiveCfg = Release|Any CPU
		{BE66D3B2-01C6-8EDF-70E4-8CAF7E9B76C6}.Release|Any CPU.Build.0 = Release|Any CPU
		{A04363B9-0005-422F-8143-4FE0EF256631}.Debug|Any CPU.ActiveCfg = Debug|Any CPU
		{A04363B9-0005-422F-8143-4FE0EF256631}.Debug|Any CPU.Build.0 = Debug|Any CPU
		{A04363B9-0005-422F-8143-4FE0EF256631}.Release|Any CPU.ActiveCfg = Release|Any CPU
		{A04363B9-0005-422F-8143-4FE0EF256631}.Release|Any CPU.Build.0 = Release|Any CPU
	EndGlobalSection
	GlobalSection(SolutionProperties) = preSolution
		HideSolutionNode = FALSE
	EndGlobalSection
	GlobalSection(NestedProjects) = preSolution
		{BE66D3B2-01C6-8EDF-70E4-8CAF7E9B76C6} = {827E0CD3-B72D-47B6-A68D-7590B98EB39B}
		{A04363B9-0005-422F-8143-4FE0EF256631} = {827E0CD3-B72D-47B6-A68D-7590B98EB39B}
	EndGlobalSection
	GlobalSection(ExtensibilityGlobals) = postSolution
		SolutionGuid = {AE2A1219-47D2-492C-AFB9-C54381D8D4FA}
	EndGlobalSection
EndGlobal
